// !$*UTF8*$!
{
	archiveVersion = 1;
	classes = {
	};
	objectVersion = 46;
	objects = {

/* Begin PBXBuildFile section */
		0B024D081991252B00AE9588 /* JAGPlayGameScene.m in Sources */ = {isa = PBXBuildFile; fileRef = 0B024D071991252B00AE9588 /* JAGPlayGameScene.m */; };
		0B024D0B1991255400AE9588 /* JAGGota.m in Sources */ = {isa = PBXBuildFile; fileRef = 0B024D0A1991255400AE9588 /* JAGGota.m */; };
		0B024D0F1991257400AE9588 /* JAGInimigos.m in Sources */ = {isa = PBXBuildFile; fileRef = 0B024D0E1991257400AE9588 /* JAGInimigos.m */; };
		0B024D12199150D300AE9588 /* JAGHud.m in Sources */ = {isa = PBXBuildFile; fileRef = 0B024D11199150D300AE9588 /* JAGHud.m */; };
		0B08DD5119C3BB6C00D27C95 /* tileSet.png in Resources */ = {isa = PBXBuildFile; fileRef = 0B08DD5019C3BB6C00D27C95 /* tileSet.png */; };
		0B0E04A019A7A29400927A16 /* backgroundChuva.png in Resources */ = {isa = PBXBuildFile; fileRef = 0B0E049F19A7A29400927A16 /* backgroundChuva.png */; };
		0B12A3F219C8974E00210DDA /* JAGPreparePoints.m in Sources */ = {isa = PBXBuildFile; fileRef = 0B12A3F119C8974E00210DDA /* JAGPreparePoints.m */; };
		0B13EDFB19A2530F006CC185 /* JAGCreatorLevels.m in Sources */ = {isa = PBXBuildFile; fileRef = 0B13EDFA19A2530F006CC185 /* JAGCreatorLevels.m */; };
		0B15087D19A4F891007D70F1 /* JAGPressao.m in Sources */ = {isa = PBXBuildFile; fileRef = 0B15087C19A4F891007D70F1 /* JAGPressao.m */; };
		0B15088019A51374007D70F1 /* JAGPorta.m in Sources */ = {isa = PBXBuildFile; fileRef = 0B15087F19A51374007D70F1 /* JAGPorta.m */; };
		0B2C5255199A99A30065BB09 /* JAGLevel.m in Sources */ = {isa = PBXBuildFile; fileRef = 0B2C5254199A99A30065BB09 /* JAGLevel.m */; };
		0B2C5258199A9F2A0065BB09 /* JAGChuva.m in Sources */ = {isa = PBXBuildFile; fileRef = 0B2C5257199A9F2A0065BB09 /* JAGChuva.m */; };
		0B3A04501991164A00C7C39E /* Foundation.framework in Frameworks */ = {isa = PBXBuildFile; fileRef = 0B3A044F1991164A00C7C39E /* Foundation.framework */; };
		0B3A04521991164A00C7C39E /* CoreGraphics.framework in Frameworks */ = {isa = PBXBuildFile; fileRef = 0B3A04511991164A00C7C39E /* CoreGraphics.framework */; };
		0B3A04541991164A00C7C39E /* UIKit.framework in Frameworks */ = {isa = PBXBuildFile; fileRef = 0B3A04531991164A00C7C39E /* UIKit.framework */; };
		0B3A04561991164A00C7C39E /* SpriteKit.framework in Frameworks */ = {isa = PBXBuildFile; fileRef = 0B3A04551991164A00C7C39E /* SpriteKit.framework */; };
		0B3A045C1991164A00C7C39E /* InfoPlist.strings in Resources */ = {isa = PBXBuildFile; fileRef = 0B3A045A1991164A00C7C39E /* InfoPlist.strings */; };
		0B3A045E1991164A00C7C39E /* main.m in Sources */ = {isa = PBXBuildFile; fileRef = 0B3A045D1991164A00C7C39E /* main.m */; };
		0B3A04621991164A00C7C39E /* JAGAppDelegate.m in Sources */ = {isa = PBXBuildFile; fileRef = 0B3A04611991164A00C7C39E /* JAGAppDelegate.m */; };
		0B3A04651991164A00C7C39E /* Main.storyboard in Resources */ = {isa = PBXBuildFile; fileRef = 0B3A04631991164A00C7C39E /* Main.storyboard */; };
		0B3A04681991164A00C7C39E /* JAGViewController.m in Sources */ = {isa = PBXBuildFile; fileRef = 0B3A04671991164A00C7C39E /* JAGViewController.m */; };
		0B3A046B1991164A00C7C39E /* JAGMyScene.m in Sources */ = {isa = PBXBuildFile; fileRef = 0B3A046A1991164A00C7C39E /* JAGMyScene.m */; };
		0B3A046F1991164A00C7C39E /* Images.xcassets in Resources */ = {isa = PBXBuildFile; fileRef = 0B3A046E1991164A00C7C39E /* Images.xcassets */; };
		0B3A04761991164A00C7C39E /* XCTest.framework in Frameworks */ = {isa = PBXBuildFile; fileRef = 0B3A04751991164A00C7C39E /* XCTest.framework */; };
		0B3A04771991164A00C7C39E /* Foundation.framework in Frameworks */ = {isa = PBXBuildFile; fileRef = 0B3A044F1991164A00C7C39E /* Foundation.framework */; };
		0B3A04781991164A00C7C39E /* UIKit.framework in Frameworks */ = {isa = PBXBuildFile; fileRef = 0B3A04531991164A00C7C39E /* UIKit.framework */; };
		0B3A04801991164A00C7C39E /* InfoPlist.strings in Resources */ = {isa = PBXBuildFile; fileRef = 0B3A047E1991164A00C7C39E /* InfoPlist.strings */; };
		0B3A04821991164A00C7C39E /* JonnyGotaTests.m in Sources */ = {isa = PBXBuildFile; fileRef = 0B3A04811991164A00C7C39E /* JonnyGotaTests.m */; };
		0B3A04901991168800C7C39E /* Musica.m in Sources */ = {isa = PBXBuildFile; fileRef = 0B3A048F1991168800C7C39E /* Musica.m */; };
		0B3A0495199117B700C7C39E /* AudioToolbox.framework in Frameworks */ = {isa = PBXBuildFile; fileRef = 0B3A0494199117B700C7C39E /* AudioToolbox.framework */; };
		0B3A0497199117C000C7C39E /* OpenAL.framework in Frameworks */ = {isa = PBXBuildFile; fileRef = 0B3A0496199117C000C7C39E /* OpenAL.framework */; };
		0B3A049A1991184700C7C39E /* JAGCharacter.m in Sources */ = {isa = PBXBuildFile; fileRef = 0B3A04991991184700C7C39E /* JAGCharacter.m */; };
		0B8600F619AFA40B00615FA6 /* JAGAttack.m in Sources */ = {isa = PBXBuildFile; fileRef = 0B8600F519AFA40B00615FA6 /* JAGAttack.m */; };
		0B9229BC19C31FEA00009EC4 /* libz.dylib in Frameworks */ = {isa = PBXBuildFile; fileRef = 0B9229BB19C31FEA00009EC4 /* libz.dylib */; };
		0B9229C319C3206C00009EC4 /* LFCGzipUtility.m in Sources */ = {isa = PBXBuildFile; fileRef = 0B9229C219C3206C00009EC4 /* LFCGzipUtility.m */; };
		0B9229C619C3208900009EC4 /* JSTileMap.m in Sources */ = {isa = PBXBuildFile; fileRef = 0B9229C519C3208900009EC4 /* JSTileMap.m */; };
		0B9229C819C3213200009EC4 /* map1.tmx in Resources */ = {isa = PBXBuildFile; fileRef = 0B9229C719C3213200009EC4 /* map1.tmx */; };
		0B9229CC19C3273000009EC4 /* map2.tmx in Resources */ = {isa = PBXBuildFile; fileRef = 0B9229C919C3273000009EC4 /* map2.tmx */; };
		0B9229CD19C3273000009EC4 /* map3.tmx in Resources */ = {isa = PBXBuildFile; fileRef = 0B9229CA19C3273000009EC4 /* map3.tmx */; };
		0B9229CE19C3273000009EC4 /* map4.tmx in Resources */ = {isa = PBXBuildFile; fileRef = 0B9229CB19C3273000009EC4 /* map4.tmx */; };
		0BB7E84919AE403700C36889 /* JAGPerdaGota.m in Sources */ = {isa = PBXBuildFile; fileRef = 0BB7E84819AE403700C36889 /* JAGPerdaGota.m */; };
		0BB81679199BBDA800490104 /* JAGWall.m in Sources */ = {isa = PBXBuildFile; fileRef = 0BB81678199BBDA800490104 /* JAGWall.m */; };
		8D162795199293CC00AD9F12 /* JAGTrovaoEnemy.m in Sources */ = {isa = PBXBuildFile; fileRef = 8D162794199293CC00AD9F12 /* JAGTrovaoEnemy.m */; };
		8D1627981992941A00AD9F12 /* JAGMetalEnemy.m in Sources */ = {isa = PBXBuildFile; fileRef = 8D1627971992941A00AD9F12 /* JAGMetalEnemy.m */; };
		8D16279B1992942C00AD9F12 /* JAGTAreiaEnemy.m in Sources */ = {isa = PBXBuildFile; fileRef = 8D16279A1992942C00AD9F12 /* JAGTAreiaEnemy.m */; };
		8D16279E1992943400AD9F12 /* JAGArEnemy.m in Sources */ = {isa = PBXBuildFile; fileRef = 8D16279D1992943400AD9F12 /* JAGArEnemy.m */; };
		8D1627A11992943B00AD9F12 /* JAGFogoEnemy.m in Sources */ = {isa = PBXBuildFile; fileRef = 8D1627A01992943B00AD9F12 /* JAGFogoEnemy.m */; };
		8D1627A71992945E00AD9F12 /* JAGPedraEnemy.m in Sources */ = {isa = PBXBuildFile; fileRef = 8D1627A61992945E00AD9F12 /* JAGPedraEnemy.m */; };
		8D4A4F3519A3D0E300255468 /* gotinha.atlas in Resources */ = {isa = PBXBuildFile; fileRef = 8D4A4F3419A3D0E300255468 /* gotinha.atlas */; };
		8D4A4F3819A66CE300255468 /* JAGGotaDividida.m in Sources */ = {isa = PBXBuildFile; fileRef = 8D4A4F3719A66CE300255468 /* JAGGotaDividida.m */; };
		8D4A4F3B19ABA08400255468 /* JAGChave.m in Sources */ = {isa = PBXBuildFile; fileRef = 8D4A4F3A19ABA08400255468 /* JAGChave.m */; };
		8D4A4F3E19ACFB2F00255468 /* JAGFonte.m in Sources */ = {isa = PBXBuildFile; fileRef = 8D4A4F3D19ACFB2F00255468 /* JAGFonte.m */; };
		8D4A4F4119AFA99300255468 /* Vapor.sks in Resources */ = {isa = PBXBuildFile; fileRef = 8D4A4F3F19AFA99300255468 /* Vapor.sks */; };
		8D4A4F4219AFA99300255468 /* spark.png in Resources */ = {isa = PBXBuildFile; fileRef = 8D4A4F4019AFA99300255468 /* spark.png */; };
		8D6B5A4719CB496A00127198 /* enemies.atlas in Resources */ = {isa = PBXBuildFile; fileRef = 8D6B5A4619CB496A00127198 /* enemies.atlas */; };
		8DF47BD019B0AF1D0021AE2D /* JAGPerdaFogo.m in Sources */ = {isa = PBXBuildFile; fileRef = 8DF47BCF19B0AF1D0021AE2D /* JAGPerdaFogo.m */; };
		8DF47BD319B0B4EE0021AE2D /* Fogo.sks in Resources */ = {isa = PBXBuildFile; fileRef = 8DF47BD119B0B4EE0021AE2D /* Fogo.sks */; };
		8DF47BD419B0B4EE0021AE2D /* spark.png in Resources */ = {isa = PBXBuildFile; fileRef = 8DF47BD219B0B4EE0021AE2D /* spark.png */; };
		8DF47BDE19B4EB8C0021AE2D /* list.png in Resources */ = {isa = PBXBuildFile; fileRef = 8DF47BDB19B4EB8C0021AE2D /* list.png */; };
		8DF47BDF19B4EB8C0021AE2D /* jogar.png in Resources */ = {isa = PBXBuildFile; fileRef = 8DF47BDC19B4EB8C0021AE2D /* jogar.png */; };
		8DF47BE019B4EB8C0021AE2D /* restart.png in Resources */ = {isa = PBXBuildFile; fileRef = 8DF47BDD19B4EB8C0021AE2D /* restart.png */; };
		8DF47BE319B635F30021AE2D /* JAGTrap.m in Sources */ = {isa = PBXBuildFile; fileRef = 8DF47BE219B635F30021AE2D /* JAGTrap.m */; };
		B157BDA819A267E400ACA4C1 /* JAGObjeto.m in Sources */ = {isa = PBXBuildFile; fileRef = B157BDA719A267E400ACA4C1 /* JAGObjeto.m */; };
		B157BDB619AD14A700ACA4C1 /* JAGMenu.m in Sources */ = {isa = PBXBuildFile; fileRef = B157BDB519AD14A700ACA4C1 /* JAGMenu.m */; };
		B1E9587B19B77718002302D7 /* Raio.sks in Resources */ = {isa = PBXBuildFile; fileRef = B1E9587A19B77718002302D7 /* Raio.sks */; };
		B1E9587E19B7783C002302D7 /* JAGSparkRaio.m in Sources */ = {isa = PBXBuildFile; fileRef = B1E9587D19B7783C002302D7 /* JAGSparkRaio.m */; };
/* End PBXBuildFile section */

/* Begin PBXContainerItemProxy section */
		0B3A04791991164A00C7C39E /* PBXContainerItemProxy */ = {
			isa = PBXContainerItemProxy;
			containerPortal = 0B3A04441991164A00C7C39E /* Project object */;
			proxyType = 1;
			remoteGlobalIDString = 0B3A044B1991164A00C7C39E;
			remoteInfo = JonnyGota;
		};
/* End PBXContainerItemProxy section */

/* Begin PBXFileReference section */
		0B024D061991252B00AE9588 /* JAGPlayGameScene.h */ = {isa = PBXFileReference; fileEncoding = 4; lastKnownFileType = sourcecode.c.h; name = JAGPlayGameScene.h; path = Scenas/JAGPlayGameScene.h; sourceTree = "<group>"; };
		0B024D071991252B00AE9588 /* JAGPlayGameScene.m */ = {isa = PBXFileReference; fileEncoding = 4; lastKnownFileType = sourcecode.c.objc; name = JAGPlayGameScene.m; path = Scenas/JAGPlayGameScene.m; sourceTree = "<group>"; };
		0B024D091991255400AE9588 /* JAGGota.h */ = {isa = PBXFileReference; fileEncoding = 4; lastKnownFileType = sourcecode.c.h; name = JAGGota.h; path = JonnyGota/Models/JAGGota.h; sourceTree = "<group>"; };
		0B024D0A1991255400AE9588 /* JAGGota.m */ = {isa = PBXFileReference; fileEncoding = 4; lastKnownFileType = sourcecode.c.objc; name = JAGGota.m; path = JonnyGota/Models/JAGGota.m; sourceTree = "<group>"; };
		0B024D0D1991257400AE9588 /* JAGInimigos.h */ = {isa = PBXFileReference; fileEncoding = 4; lastKnownFileType = sourcecode.c.h; path = JAGInimigos.h; sourceTree = "<group>"; };
		0B024D0E1991257400AE9588 /* JAGInimigos.m */ = {isa = PBXFileReference; fileEncoding = 4; lastKnownFileType = sourcecode.c.objc; path = JAGInimigos.m; sourceTree = "<group>"; };
		0B024D10199150D300AE9588 /* JAGHud.h */ = {isa = PBXFileReference; fileEncoding = 4; lastKnownFileType = sourcecode.c.h; name = JAGHud.h; path = JonnyGota/Objects/JAGHud.h; sourceTree = "<group>"; };
		0B024D11199150D300AE9588 /* JAGHud.m */ = {isa = PBXFileReference; fileEncoding = 4; lastKnownFileType = sourcecode.c.objc; name = JAGHud.m; path = JonnyGota/Objects/JAGHud.m; sourceTree = "<group>"; };
		0B08DD5019C3BB6C00D27C95 /* tileSet.png */ = {isa = PBXFileReference; lastKnownFileType = image.png; path = tileSet.png; sourceTree = "<group>"; };
		0B0E049F19A7A29400927A16 /* backgroundChuva.png */ = {isa = PBXFileReference; lastKnownFileType = image.png; path = backgroundChuva.png; sourceTree = "<group>"; };
		0B12A3F019C8974E00210DDA /* JAGPreparePoints.h */ = {isa = PBXFileReference; fileEncoding = 4; lastKnownFileType = sourcecode.c.h; name = JAGPreparePoints.h; path = walls/JAGPreparePoints.h; sourceTree = "<group>"; };
		0B12A3F119C8974E00210DDA /* JAGPreparePoints.m */ = {isa = PBXFileReference; fileEncoding = 4; lastKnownFileType = sourcecode.c.objc; name = JAGPreparePoints.m; path = walls/JAGPreparePoints.m; sourceTree = "<group>"; };
		0B13EDF919A2530F006CC185 /* JAGCreatorLevels.h */ = {isa = PBXFileReference; fileEncoding = 4; lastKnownFileType = sourcecode.c.h; name = JAGCreatorLevels.h; path = JonnyGota/Objects/JAGCreatorLevels.h; sourceTree = "<group>"; };
		0B13EDFA19A2530F006CC185 /* JAGCreatorLevels.m */ = {isa = PBXFileReference; fileEncoding = 4; lastKnownFileType = sourcecode.c.objc; name = JAGCreatorLevels.m; path = JonnyGota/Objects/JAGCreatorLevels.m; sourceTree = "<group>"; };
		0B15087B19A4F891007D70F1 /* JAGPressao.h */ = {isa = PBXFileReference; fileEncoding = 4; lastKnownFileType = sourcecode.c.h; name = JAGPressao.h; path = JonnyGota/Models/JAGPressao.h; sourceTree = "<group>"; };
		0B15087C19A4F891007D70F1 /* JAGPressao.m */ = {isa = PBXFileReference; fileEncoding = 4; lastKnownFileType = sourcecode.c.objc; name = JAGPressao.m; path = JonnyGota/Models/JAGPressao.m; sourceTree = "<group>"; };
		0B15087E19A51374007D70F1 /* JAGPorta.h */ = {isa = PBXFileReference; fileEncoding = 4; lastKnownFileType = sourcecode.c.h; name = JAGPorta.h; path = JonnyGota/Models/JAGPorta.h; sourceTree = "<group>"; };
		0B15087F19A51374007D70F1 /* JAGPorta.m */ = {isa = PBXFileReference; fileEncoding = 4; lastKnownFileType = sourcecode.c.objc; name = JAGPorta.m; path = JonnyGota/Models/JAGPorta.m; sourceTree = "<group>"; };
		0B2C5253199A99A30065BB09 /* JAGLevel.h */ = {isa = PBXFileReference; fileEncoding = 4; lastKnownFileType = sourcecode.c.h; name = JAGLevel.h; path = JonnyGota/Objects/JAGLevel.h; sourceTree = "<group>"; };
		0B2C5254199A99A30065BB09 /* JAGLevel.m */ = {isa = PBXFileReference; fileEncoding = 4; lastKnownFileType = sourcecode.c.objc; name = JAGLevel.m; path = JonnyGota/Objects/JAGLevel.m; sourceTree = "<group>"; };
		0B2C5256199A9F2A0065BB09 /* JAGChuva.h */ = {isa = PBXFileReference; fileEncoding = 4; lastKnownFileType = sourcecode.c.h; name = JAGChuva.h; path = JonnyGota/Models/JAGChuva.h; sourceTree = "<group>"; };
		0B2C5257199A9F2A0065BB09 /* JAGChuva.m */ = {isa = PBXFileReference; fileEncoding = 4; lastKnownFileType = sourcecode.c.objc; name = JAGChuva.m; path = JonnyGota/Models/JAGChuva.m; sourceTree = "<group>"; };
		0B3A044C1991164A00C7C39E /* JonnyGota.app */ = {isa = PBXFileReference; explicitFileType = wrapper.application; includeInIndex = 0; path = JonnyGota.app; sourceTree = BUILT_PRODUCTS_DIR; };
		0B3A044F1991164A00C7C39E /* Foundation.framework */ = {isa = PBXFileReference; lastKnownFileType = wrapper.framework; name = Foundation.framework; path = System/Library/Frameworks/Foundation.framework; sourceTree = SDKROOT; };
		0B3A04511991164A00C7C39E /* CoreGraphics.framework */ = {isa = PBXFileReference; lastKnownFileType = wrapper.framework; name = CoreGraphics.framework; path = System/Library/Frameworks/CoreGraphics.framework; sourceTree = SDKROOT; };
		0B3A04531991164A00C7C39E /* UIKit.framework */ = {isa = PBXFileReference; lastKnownFileType = wrapper.framework; name = UIKit.framework; path = System/Library/Frameworks/UIKit.framework; sourceTree = SDKROOT; };
		0B3A04551991164A00C7C39E /* SpriteKit.framework */ = {isa = PBXFileReference; lastKnownFileType = wrapper.framework; name = SpriteKit.framework; path = System/Library/Frameworks/SpriteKit.framework; sourceTree = SDKROOT; };
		0B3A04591991164A00C7C39E /* JonnyGota-Info.plist */ = {isa = PBXFileReference; lastKnownFileType = text.plist.xml; path = "JonnyGota-Info.plist"; sourceTree = "<group>"; };
		0B3A045B1991164A00C7C39E /* en */ = {isa = PBXFileReference; lastKnownFileType = text.plist.strings; name = en; path = en.lproj/InfoPlist.strings; sourceTree = "<group>"; };
		0B3A045D1991164A00C7C39E /* main.m */ = {isa = PBXFileReference; lastKnownFileType = sourcecode.c.objc; path = main.m; sourceTree = "<group>"; };
		0B3A045F1991164A00C7C39E /* JonnyGota-Prefix.pch */ = {isa = PBXFileReference; lastKnownFileType = sourcecode.c.h; path = "JonnyGota-Prefix.pch"; sourceTree = "<group>"; };
		0B3A04601991164A00C7C39E /* JAGAppDelegate.h */ = {isa = PBXFileReference; lastKnownFileType = sourcecode.c.h; path = JAGAppDelegate.h; sourceTree = "<group>"; };
		0B3A04611991164A00C7C39E /* JAGAppDelegate.m */ = {isa = PBXFileReference; lastKnownFileType = sourcecode.c.objc; path = JAGAppDelegate.m; sourceTree = "<group>"; };
		0B3A04641991164A00C7C39E /* Base */ = {isa = PBXFileReference; lastKnownFileType = file.storyboard; name = Base; path = Base.lproj/Main.storyboard; sourceTree = "<group>"; };
		0B3A04661991164A00C7C39E /* JAGViewController.h */ = {isa = PBXFileReference; lastKnownFileType = sourcecode.c.h; path = JAGViewController.h; sourceTree = "<group>"; };
		0B3A04671991164A00C7C39E /* JAGViewController.m */ = {isa = PBXFileReference; lastKnownFileType = sourcecode.c.objc; path = JAGViewController.m; sourceTree = "<group>"; };
		0B3A04691991164A00C7C39E /* JAGMyScene.h */ = {isa = PBXFileReference; lastKnownFileType = sourcecode.c.h; path = JAGMyScene.h; sourceTree = "<group>"; };
		0B3A046A1991164A00C7C39E /* JAGMyScene.m */ = {isa = PBXFileReference; lastKnownFileType = sourcecode.c.objc; path = JAGMyScene.m; sourceTree = "<group>"; };
		0B3A046E1991164A00C7C39E /* Images.xcassets */ = {isa = PBXFileReference; lastKnownFileType = folder.assetcatalog; path = Images.xcassets; sourceTree = "<group>"; };
		0B3A04741991164A00C7C39E /* JonnyGotaTests.xctest */ = {isa = PBXFileReference; explicitFileType = wrapper.cfbundle; includeInIndex = 0; path = JonnyGotaTests.xctest; sourceTree = BUILT_PRODUCTS_DIR; };
		0B3A04751991164A00C7C39E /* XCTest.framework */ = {isa = PBXFileReference; lastKnownFileType = wrapper.framework; name = XCTest.framework; path = Library/Frameworks/XCTest.framework; sourceTree = DEVELOPER_DIR; };
		0B3A047D1991164A00C7C39E /* JonnyGotaTests-Info.plist */ = {isa = PBXFileReference; lastKnownFileType = text.plist.xml; path = "JonnyGotaTests-Info.plist"; sourceTree = "<group>"; };
		0B3A047F1991164A00C7C39E /* en */ = {isa = PBXFileReference; lastKnownFileType = text.plist.strings; name = en; path = en.lproj/InfoPlist.strings; sourceTree = "<group>"; };
		0B3A04811991164A00C7C39E /* JonnyGotaTests.m */ = {isa = PBXFileReference; lastKnownFileType = sourcecode.c.objc; path = JonnyGotaTests.m; sourceTree = "<group>"; };
		0B3A048E1991168800C7C39E /* Musica.h */ = {isa = PBXFileReference; fileEncoding = 4; lastKnownFileType = sourcecode.c.h; path = Musica.h; sourceTree = "<group>"; };
		0B3A048F1991168800C7C39E /* Musica.m */ = {isa = PBXFileReference; fileEncoding = 4; lastKnownFileType = sourcecode.c.objc; path = Musica.m; sourceTree = "<group>"; };
		0B3A0494199117B700C7C39E /* AudioToolbox.framework */ = {isa = PBXFileReference; lastKnownFileType = wrapper.framework; name = AudioToolbox.framework; path = System/Library/Frameworks/AudioToolbox.framework; sourceTree = SDKROOT; };
		0B3A0496199117C000C7C39E /* OpenAL.framework */ = {isa = PBXFileReference; lastKnownFileType = wrapper.framework; name = OpenAL.framework; path = System/Library/Frameworks/OpenAL.framework; sourceTree = SDKROOT; };
		0B3A04981991184700C7C39E /* JAGCharacter.h */ = {isa = PBXFileReference; fileEncoding = 4; lastKnownFileType = sourcecode.c.h; name = JAGCharacter.h; path = JonnyGota/Models/JAGCharacter.h; sourceTree = "<group>"; };
		0B3A04991991184700C7C39E /* JAGCharacter.m */ = {isa = PBXFileReference; fileEncoding = 4; lastKnownFileType = sourcecode.c.objc; name = JAGCharacter.m; path = JonnyGota/Models/JAGCharacter.m; sourceTree = "<group>"; };
		0B8600F419AFA40B00615FA6 /* JAGAttack.h */ = {isa = PBXFileReference; fileEncoding = 4; lastKnownFileType = sourcecode.c.h; name = JAGAttack.h; path = JonnyGota/Actions/JAGAttack.h; sourceTree = "<group>"; };
		0B8600F519AFA40B00615FA6 /* JAGAttack.m */ = {isa = PBXFileReference; fileEncoding = 4; lastKnownFileType = sourcecode.c.objc; name = JAGAttack.m; path = JonnyGota/Actions/JAGAttack.m; sourceTree = "<group>"; };
		0B9229BB19C31FEA00009EC4 /* libz.dylib */ = {isa = PBXFileReference; lastKnownFileType = "compiled.mach-o.dylib"; name = libz.dylib; path = usr/lib/libz.dylib; sourceTree = SDKROOT; };
		0B9229C119C3206C00009EC4 /* LFCGzipUtility.h */ = {isa = PBXFileReference; fileEncoding = 4; lastKnownFileType = sourcecode.c.h; path = LFCGzipUtility.h; sourceTree = "<group>"; };
		0B9229C219C3206C00009EC4 /* LFCGzipUtility.m */ = {isa = PBXFileReference; fileEncoding = 4; lastKnownFileType = sourcecode.c.objc; path = LFCGzipUtility.m; sourceTree = "<group>"; };
		0B9229C419C3208900009EC4 /* JSTileMap.h */ = {isa = PBXFileReference; fileEncoding = 4; lastKnownFileType = sourcecode.c.h; path = JSTileMap.h; sourceTree = "<group>"; };
		0B9229C519C3208900009EC4 /* JSTileMap.m */ = {isa = PBXFileReference; fileEncoding = 4; lastKnownFileType = sourcecode.c.objc; path = JSTileMap.m; sourceTree = "<group>"; };
		0B9229C719C3213200009EC4 /* map1.tmx */ = {isa = PBXFileReference; fileEncoding = 4; lastKnownFileType = text.xml; path = map1.tmx; sourceTree = "<group>"; };
		0B9229C919C3273000009EC4 /* map2.tmx */ = {isa = PBXFileReference; fileEncoding = 4; lastKnownFileType = text.xml; path = map2.tmx; sourceTree = "<group>"; };
		0B9229CA19C3273000009EC4 /* map3.tmx */ = {isa = PBXFileReference; fileEncoding = 4; lastKnownFileType = text.xml; path = map3.tmx; sourceTree = "<group>"; };
		0B9229CB19C3273000009EC4 /* map4.tmx */ = {isa = PBXFileReference; fileEncoding = 4; lastKnownFileType = text.xml; path = map4.tmx; sourceTree = "<group>"; };
		0BB7E84719AE403700C36889 /* JAGPerdaGota.h */ = {isa = PBXFileReference; fileEncoding = 4; lastKnownFileType = sourcecode.c.h; name = JAGPerdaGota.h; path = JonnyGota/Models/JAGPerdaGota.h; sourceTree = "<group>"; };
		0BB7E84819AE403700C36889 /* JAGPerdaGota.m */ = {isa = PBXFileReference; fileEncoding = 4; lastKnownFileType = sourcecode.c.objc; name = JAGPerdaGota.m; path = JonnyGota/Models/JAGPerdaGota.m; sourceTree = "<group>"; };
		0BB81677199BBDA800490104 /* JAGWall.h */ = {isa = PBXFileReference; fileEncoding = 4; lastKnownFileType = sourcecode.c.h; name = JAGWall.h; path = JonnyGota/Models/JAGWall.h; sourceTree = "<group>"; };
		0BB81678199BBDA800490104 /* JAGWall.m */ = {isa = PBXFileReference; fileEncoding = 4; lastKnownFileType = sourcecode.c.objc; name = JAGWall.m; path = JonnyGota/Models/JAGWall.m; sourceTree = "<group>"; };
		8D162793199293CC00AD9F12 /* JAGTrovaoEnemy.h */ = {isa = PBXFileReference; fileEncoding = 4; lastKnownFileType = sourcecode.c.h; path = JAGTrovaoEnemy.h; sourceTree = "<group>"; };
		8D162794199293CC00AD9F12 /* JAGTrovaoEnemy.m */ = {isa = PBXFileReference; fileEncoding = 4; lastKnownFileType = sourcecode.c.objc; path = JAGTrovaoEnemy.m; sourceTree = "<group>"; };
		8D1627961992941A00AD9F12 /* JAGMetalEnemy.h */ = {isa = PBXFileReference; fileEncoding = 4; lastKnownFileType = sourcecode.c.h; path = JAGMetalEnemy.h; sourceTree = "<group>"; };
		8D1627971992941A00AD9F12 /* JAGMetalEnemy.m */ = {isa = PBXFileReference; fileEncoding = 4; lastKnownFileType = sourcecode.c.objc; path = JAGMetalEnemy.m; sourceTree = "<group>"; };
		8D1627991992942C00AD9F12 /* JAGTAreiaEnemy.h */ = {isa = PBXFileReference; fileEncoding = 4; lastKnownFileType = sourcecode.c.h; path = JAGTAreiaEnemy.h; sourceTree = "<group>"; };
		8D16279A1992942C00AD9F12 /* JAGTAreiaEnemy.m */ = {isa = PBXFileReference; fileEncoding = 4; lastKnownFileType = sourcecode.c.objc; path = JAGTAreiaEnemy.m; sourceTree = "<group>"; };
		8D16279C1992943400AD9F12 /* JAGArEnemy.h */ = {isa = PBXFileReference; fileEncoding = 4; lastKnownFileType = sourcecode.c.h; path = JAGArEnemy.h; sourceTree = "<group>"; };
		8D16279D1992943400AD9F12 /* JAGArEnemy.m */ = {isa = PBXFileReference; fileEncoding = 4; lastKnownFileType = sourcecode.c.objc; path = JAGArEnemy.m; sourceTree = "<group>"; };
		8D16279F1992943B00AD9F12 /* JAGFogoEnemy.h */ = {isa = PBXFileReference; fileEncoding = 4; lastKnownFileType = sourcecode.c.h; path = JAGFogoEnemy.h; sourceTree = "<group>"; };
		8D1627A01992943B00AD9F12 /* JAGFogoEnemy.m */ = {isa = PBXFileReference; fileEncoding = 4; lastKnownFileType = sourcecode.c.objc; path = JAGFogoEnemy.m; sourceTree = "<group>"; };
		8D1627A51992945E00AD9F12 /* JAGPedraEnemy.h */ = {isa = PBXFileReference; fileEncoding = 4; lastKnownFileType = sourcecode.c.h; path = JAGPedraEnemy.h; sourceTree = "<group>"; };
		8D1627A61992945E00AD9F12 /* JAGPedraEnemy.m */ = {isa = PBXFileReference; fileEncoding = 4; lastKnownFileType = sourcecode.c.objc; path = JAGPedraEnemy.m; sourceTree = "<group>"; };
		8D4A4F3419A3D0E300255468 /* gotinha.atlas */ = {isa = PBXFileReference; lastKnownFileType = folder.skatlas; path = gotinha.atlas; sourceTree = "<group>"; };
		8D4A4F3619A66CE300255468 /* JAGGotaDividida.h */ = {isa = PBXFileReference; fileEncoding = 4; lastKnownFileType = sourcecode.c.h; path = JAGGotaDividida.h; sourceTree = "<group>"; };
		8D4A4F3719A66CE300255468 /* JAGGotaDividida.m */ = {isa = PBXFileReference; fileEncoding = 4; lastKnownFileType = sourcecode.c.objc; path = JAGGotaDividida.m; sourceTree = "<group>"; };
		8D4A4F3919ABA08400255468 /* JAGChave.h */ = {isa = PBXFileReference; fileEncoding = 4; lastKnownFileType = sourcecode.c.h; path = JAGChave.h; sourceTree = "<group>"; };
		8D4A4F3A19ABA08400255468 /* JAGChave.m */ = {isa = PBXFileReference; fileEncoding = 4; lastKnownFileType = sourcecode.c.objc; path = JAGChave.m; sourceTree = "<group>"; };
		8D4A4F3C19ACFB2F00255468 /* JAGFonte.h */ = {isa = PBXFileReference; fileEncoding = 4; lastKnownFileType = sourcecode.c.h; path = JAGFonte.h; sourceTree = "<group>"; };
		8D4A4F3D19ACFB2F00255468 /* JAGFonte.m */ = {isa = PBXFileReference; fileEncoding = 4; lastKnownFileType = sourcecode.c.objc; path = JAGFonte.m; sourceTree = "<group>"; };
		8D4A4F3F19AFA99300255468 /* Vapor.sks */ = {isa = PBXFileReference; lastKnownFileType = file.sks; path = Vapor.sks; sourceTree = "<group>"; };
		8D4A4F4019AFA99300255468 /* spark.png */ = {isa = PBXFileReference; lastKnownFileType = image.png; path = spark.png; sourceTree = "<group>"; };
		8D6B5A4619CB496A00127198 /* enemies.atlas */ = {isa = PBXFileReference; lastKnownFileType = folder.skatlas; path = enemies.atlas; sourceTree = "<group>"; };
		8DF47BCE19B0AF1D0021AE2D /* JAGPerdaFogo.h */ = {isa = PBXFileReference; fileEncoding = 4; lastKnownFileType = sourcecode.c.h; path = JAGPerdaFogo.h; sourceTree = "<group>"; };
		8DF47BCF19B0AF1D0021AE2D /* JAGPerdaFogo.m */ = {isa = PBXFileReference; fileEncoding = 4; lastKnownFileType = sourcecode.c.objc; path = JAGPerdaFogo.m; sourceTree = "<group>"; };
		8DF47BD119B0B4EE0021AE2D /* Fogo.sks */ = {isa = PBXFileReference; lastKnownFileType = file.sks; name = Fogo.sks; path = JonnyGota/Fogo.sks; sourceTree = "<group>"; };
		8DF47BD219B0B4EE0021AE2D /* spark.png */ = {isa = PBXFileReference; lastKnownFileType = image.png; name = spark.png; path = JonnyGota/spark.png; sourceTree = "<group>"; };
		8DF47BDB19B4EB8C0021AE2D /* list.png */ = {isa = PBXFileReference; lastKnownFileType = image.png; path = list.png; sourceTree = "<group>"; };
		8DF47BDC19B4EB8C0021AE2D /* jogar.png */ = {isa = PBXFileReference; lastKnownFileType = image.png; path = jogar.png; sourceTree = "<group>"; };
		8DF47BDD19B4EB8C0021AE2D /* restart.png */ = {isa = PBXFileReference; lastKnownFileType = image.png; path = restart.png; sourceTree = "<group>"; };
		8DF47BE119B635F30021AE2D /* JAGTrap.h */ = {isa = PBXFileReference; fileEncoding = 4; lastKnownFileType = sourcecode.c.h; path = JAGTrap.h; sourceTree = "<group>"; };
		8DF47BE219B635F30021AE2D /* JAGTrap.m */ = {isa = PBXFileReference; fileEncoding = 4; lastKnownFileType = sourcecode.c.objc; path = JAGTrap.m; sourceTree = "<group>"; };
		B157BDA619A267E400ACA4C1 /* JAGObjeto.h */ = {isa = PBXFileReference; fileEncoding = 4; lastKnownFileType = sourcecode.c.h; path = JAGObjeto.h; sourceTree = "<group>"; };
		B157BDA719A267E400ACA4C1 /* JAGObjeto.m */ = {isa = PBXFileReference; fileEncoding = 4; lastKnownFileType = sourcecode.c.objc; path = JAGObjeto.m; sourceTree = "<group>"; };
		B157BDB419AD14A700ACA4C1 /* JAGMenu.h */ = {isa = PBXFileReference; fileEncoding = 4; lastKnownFileType = sourcecode.c.h; name = JAGMenu.h; path = ../JAGMenu.h; sourceTree = "<group>"; };
		B157BDB519AD14A700ACA4C1 /* JAGMenu.m */ = {isa = PBXFileReference; fileEncoding = 4; lastKnownFileType = sourcecode.c.objc; name = JAGMenu.m; path = ../JAGMenu.m; sourceTree = "<group>"; };
		B1E9587A19B77718002302D7 /* Raio.sks */ = {isa = PBXFileReference; lastKnownFileType = file.sks; path = Raio.sks; sourceTree = "<group>"; };
		B1E9587C19B7783C002302D7 /* JAGSparkRaio.h */ = {isa = PBXFileReference; fileEncoding = 4; lastKnownFileType = sourcecode.c.h; path = JAGSparkRaio.h; sourceTree = "<group>"; };
		B1E9587D19B7783C002302D7 /* JAGSparkRaio.m */ = {isa = PBXFileReference; fileEncoding = 4; lastKnownFileType = sourcecode.c.objc; path = JAGSparkRaio.m; sourceTree = "<group>"; };
/* End PBXFileReference section */

/* Begin PBXFrameworksBuildPhase section */
		0B3A04491991164A00C7C39E /* Frameworks */ = {
			isa = PBXFrameworksBuildPhase;
			buildActionMask = 2147483647;
			files = (
				0B9229BC19C31FEA00009EC4 /* libz.dylib in Frameworks */,
				0B3A0497199117C000C7C39E /* OpenAL.framework in Frameworks */,
				0B3A0495199117B700C7C39E /* AudioToolbox.framework in Frameworks */,
				0B3A04521991164A00C7C39E /* CoreGraphics.framework in Frameworks */,
				0B3A04541991164A00C7C39E /* UIKit.framework in Frameworks */,
				0B3A04561991164A00C7C39E /* SpriteKit.framework in Frameworks */,
				0B3A04501991164A00C7C39E /* Foundation.framework in Frameworks */,
			);
			runOnlyForDeploymentPostprocessing = 0;
		};
		0B3A04711991164A00C7C39E /* Frameworks */ = {
			isa = PBXFrameworksBuildPhase;
			buildActionMask = 2147483647;
			files = (
				0B3A04761991164A00C7C39E /* XCTest.framework in Frameworks */,
				0B3A04781991164A00C7C39E /* UIKit.framework in Frameworks */,
				0B3A04771991164A00C7C39E /* Foundation.framework in Frameworks */,
			);
			runOnlyForDeploymentPostprocessing = 0;
		};
/* End PBXFrameworksBuildPhase section */

/* Begin PBXGroup section */
		0B024D0C1991256300AE9588 /* Enemies */ = {
			isa = PBXGroup;
			children = (
				8D16279C1992943400AD9F12 /* JAGArEnemy.h */,
				8D16279D1992943400AD9F12 /* JAGArEnemy.m */,
				8D16279F1992943B00AD9F12 /* JAGFogoEnemy.h */,
				8D1627A01992943B00AD9F12 /* JAGFogoEnemy.m */,
				8D1627961992941A00AD9F12 /* JAGMetalEnemy.h */,
				8D1627971992941A00AD9F12 /* JAGMetalEnemy.m */,
				8D1627A51992945E00AD9F12 /* JAGPedraEnemy.h */,
				8D1627A61992945E00AD9F12 /* JAGPedraEnemy.m */,
				8D1627991992942C00AD9F12 /* JAGTAreiaEnemy.h */,
				8D16279A1992942C00AD9F12 /* JAGTAreiaEnemy.m */,
				8D162793199293CC00AD9F12 /* JAGTrovaoEnemy.h */,
				8D162794199293CC00AD9F12 /* JAGTrovaoEnemy.m */,
			);
			name = Enemies;
			sourceTree = "<group>";
		};
		0B12A3EF19C8970300210DDA /* walls */ = {
			isa = PBXGroup;
			children = (
				0B12A3F019C8974E00210DDA /* JAGPreparePoints.h */,
				0B12A3F119C8974E00210DDA /* JAGPreparePoints.m */,
			);
			name = walls;
			sourceTree = "<group>";
		};
		0B3A04431991164A00C7C39E = {
			isa = PBXGroup;
			children = (
				8D4A4F3419A3D0E300255468 /* gotinha.atlas */,
				0B0E049F19A7A29400927A16 /* backgroundChuva.png */,
				8DF47BDC19B4EB8C0021AE2D /* jogar.png */,
				8DF47BDB19B4EB8C0021AE2D /* list.png */,
				8DF47BDD19B4EB8C0021AE2D /* restart.png */,
				8DF47BD219B0B4EE0021AE2D /* spark.png */,
				8D4A4F4019AFA99300255468 /* spark.png */,
				0B08DD5019C3BB6C00D27C95 /* tileSet.png */,
				8DF47BD119B0B4EE0021AE2D /* Fogo.sks */,
				B1E9587A19B77718002302D7 /* Raio.sks */,
				8D4A4F3F19AFA99300255468 /* Vapor.sks */,
				0B9229C719C3213200009EC4 /* map1.tmx */,
				0B9229C919C3273000009EC4 /* map2.tmx */,
				0B9229CA19C3273000009EC4 /* map3.tmx */,
				0B9229CB19C3273000009EC4 /* map4.tmx */,
				0B9229C719C3213200009EC4 /* map1.tmx */,
				0B9229BD19C3200D00009EC4 /* TileMap */,
				B1E9587A19B77718002302D7 /* Raio.sks */,
				8DF47BDB19B4EB8C0021AE2D /* list.png */,
				8DF47BDC19B4EB8C0021AE2D /* play.png */,
				8DF47BDD19B4EB8C0021AE2D /* restart.png */,
				8DF47BD119B0B4EE0021AE2D /* Fogo.sks */,
				8D4A4F3F19AFA99300255468 /* Vapor.sks */,
				8DF47BD219B0B4EE0021AE2D /* spark.png */,
				8D4A4F4019AFA99300255468 /* spark.png */,
				0B0E049F19A7A29400927A16 /* backgroundChuva.png */,
				8D6B5A4619CB496A00127198 /* enemies.atlas */,
				8D4A4F3419A3D0E300255468 /* gotinha.atlas */,
				B1F768C01995443A0063E27C /* mask.png */,
				0B45FF5119929948001948F9 /* Actions */,
				0B024D0C1991256300AE9588 /* Enemies */,
				0B3A044E1991164A00C7C39E /* Frameworks */,
				8D4A4F3119A2843100255468 /* Images */,
				0B3A04571991164A00C7C39E /* JonnyGota */,
				0B3A047B1991164A00C7C39E /* JonnyGotaTests */,
				0B3A04911991171E00C7C39E /* Models */,
				0B3A04921991177500C7C39E /* Objects */,
				0B3A044D1991164A00C7C39E /* Products */,
				0B3A04931991179000C7C39E /* Scenes */,
				0B9229BD19C3200D00009EC4 /* TileMap */,
			);
			sourceTree = "<group>";
		};
		0B3A044D1991164A00C7C39E /* Products */ = {
			isa = PBXGroup;
			children = (
				0B3A044C1991164A00C7C39E /* JonnyGota.app */,
				0B3A04741991164A00C7C39E /* JonnyGotaTests.xctest */,
			);
			name = Products;
			sourceTree = "<group>";
		};
		0B3A044E1991164A00C7C39E /* Frameworks */ = {
			isa = PBXGroup;
			children = (
				0B9229BB19C31FEA00009EC4 /* libz.dylib */,
				0B3A0496199117C000C7C39E /* OpenAL.framework */,
				0B3A0494199117B700C7C39E /* AudioToolbox.framework */,
				0B3A044F1991164A00C7C39E /* Foundation.framework */,
				0B3A04511991164A00C7C39E /* CoreGraphics.framework */,
				0B3A04531991164A00C7C39E /* UIKit.framework */,
				0B3A04551991164A00C7C39E /* SpriteKit.framework */,
				0B3A04751991164A00C7C39E /* XCTest.framework */,
			);
			name = Frameworks;
			sourceTree = "<group>";
		};
		0B3A04571991164A00C7C39E /* JonnyGota */ = {
			isa = PBXGroup;
			children = (
				8D24972119C9EC86005D5602 /* iPad */,
				0B3A046E1991164A00C7C39E /* Images.xcassets */,
				0B3A04601991164A00C7C39E /* JAGAppDelegate.h */,
				0B3A04611991164A00C7C39E /* JAGAppDelegate.m */,
				0B3A04691991164A00C7C39E /* JAGMyScene.h */,
				0B3A046A1991164A00C7C39E /* JAGMyScene.m */,
				0B3A04661991164A00C7C39E /* JAGViewController.h */,
				0B3A04671991164A00C7C39E /* JAGViewController.m */,
				0B3A04631991164A00C7C39E /* Main.storyboard */,
				0B3A04581991164A00C7C39E /* Supporting Files */,
			);
			path = JonnyGota;
			sourceTree = "<group>";
		};
		0B3A04581991164A00C7C39E /* Supporting Files */ = {
			isa = PBXGroup;
			children = (
				0B3A04591991164A00C7C39E /* JonnyGota-Info.plist */,
				0B3A045A1991164A00C7C39E /* InfoPlist.strings */,
				0B3A045D1991164A00C7C39E /* main.m */,
				0B3A045F1991164A00C7C39E /* JonnyGota-Prefix.pch */,
			);
			name = "Supporting Files";
			sourceTree = "<group>";
		};
		0B3A047B1991164A00C7C39E /* JonnyGotaTests */ = {
			isa = PBXGroup;
			children = (
				0B3A04811991164A00C7C39E /* JonnyGotaTests.m */,
				0B3A047C1991164A00C7C39E /* Supporting Files */,
			);
			path = JonnyGotaTests;
			sourceTree = "<group>";
		};
		0B3A047C1991164A00C7C39E /* Supporting Files */ = {
			isa = PBXGroup;
			children = (
				0B3A047D1991164A00C7C39E /* JonnyGotaTests-Info.plist */,
				0B3A047E1991164A00C7C39E /* InfoPlist.strings */,
			);
			name = "Supporting Files";
			sourceTree = "<group>";
		};
		0B3A04911991171E00C7C39E /* Models */ = {
			isa = PBXGroup;
			children = (
				0B3A04981991184700C7C39E /* JAGCharacter.h */,
				0B3A04991991184700C7C39E /* JAGCharacter.m */,
				8D4A4F3919ABA08400255468 /* JAGChave.h */,
				8D4A4F3A19ABA08400255468 /* JAGChave.m */,
				0B2C5256199A9F2A0065BB09 /* JAGChuva.h */,
				0B2C5257199A9F2A0065BB09 /* JAGChuva.m */,
				8D4A4F3C19ACFB2F00255468 /* JAGFonte.h */,
				8D4A4F3D19ACFB2F00255468 /* JAGFonte.m */,
				0B024D091991255400AE9588 /* JAGGota.h */,
				0B024D0A1991255400AE9588 /* JAGGota.m */,
				8D4A4F3619A66CE300255468 /* JAGGotaDividida.h */,
				8D4A4F3719A66CE300255468 /* JAGGotaDividida.m */,
				0B024D0D1991257400AE9588 /* JAGInimigos.h */,
				0B024D0E1991257400AE9588 /* JAGInimigos.m */,
				B157BDA619A267E400ACA4C1 /* JAGObjeto.h */,
				B157BDA719A267E400ACA4C1 /* JAGObjeto.m */,
				8DF47BCE19B0AF1D0021AE2D /* JAGPerdaFogo.h */,
				8DF47BCF19B0AF1D0021AE2D /* JAGPerdaFogo.m */,
				0BB7E84719AE403700C36889 /* JAGPerdaGota.h */,
				0BB7E84819AE403700C36889 /* JAGPerdaGota.m */,
				0B15087E19A51374007D70F1 /* JAGPorta.h */,
				0B15087F19A51374007D70F1 /* JAGPorta.m */,
				0B15087B19A4F891007D70F1 /* JAGPressao.h */,
				0B15087C19A4F891007D70F1 /* JAGPressao.m */,
				B1E9587C19B7783C002302D7 /* JAGSparkRaio.h */,
				B1E9587D19B7783C002302D7 /* JAGSparkRaio.m */,
				8DF47BE119B635F30021AE2D /* JAGTrap.h */,
				8DF47BE219B635F30021AE2D /* JAGTrap.m */,
				0BB81677199BBDA800490104 /* JAGWall.h */,
				0BB81678199BBDA800490104 /* JAGWall.m */,
			);
			name = Models;
			sourceTree = "<group>";
		};
		0B3A04921991177500C7C39E /* Objects */ = {
			isa = PBXGroup;
			children = (
				0B13EDF919A2530F006CC185 /* JAGCreatorLevels.h */,
				0B13EDFA19A2530F006CC185 /* JAGCreatorLevels.m */,
				0B024D10199150D300AE9588 /* JAGHud.h */,
				0B024D11199150D300AE9588 /* JAGHud.m */,
				0B2C5253199A99A30065BB09 /* JAGLevel.h */,
				0B2C5254199A99A30065BB09 /* JAGLevel.m */,
				0B3A048E1991168800C7C39E /* Musica.h */,
				0B3A048F1991168800C7C39E /* Musica.m */,
			);
			name = Objects;
			sourceTree = "<group>";
		};
		0B3A04931991179000C7C39E /* Scenes */ = {
			isa = PBXGroup;
			children = (
				0B024D061991252B00AE9588 /* JAGPlayGameScene.h */,
				0B024D071991252B00AE9588 /* JAGPlayGameScene.m */,
				B157BDB419AD14A700ACA4C1 /* JAGMenu.h */,
				B157BDB519AD14A700ACA4C1 /* JAGMenu.m */,
			);
			name = Scenes;
			path = JonnyGota;
			sourceTree = "<group>";
		};
		0B45FF5119929948001948F9 /* Actions */ = {
			isa = PBXGroup;
			children = (
				0B8600F419AFA40B00615FA6 /* JAGAttack.h */,
				0B8600F519AFA40B00615FA6 /* JAGAttack.m */,
			);
			name = Actions;
			sourceTree = "<group>";
		};
		0B9229BD19C3200D00009EC4 /* TileMap */ = {
			isa = PBXGroup;
			children = (
				0B9229C419C3208900009EC4 /* JSTileMap.h */,
				0B9229C519C3208900009EC4 /* JSTileMap.m */,
				0B9229C119C3206C00009EC4 /* LFCGzipUtility.h */,
				0B9229C219C3206C00009EC4 /* LFCGzipUtility.m */,
				0B12A3EF19C8970300210DDA /* walls */,
			);
			name = TileMap;
			sourceTree = "<group>";
		};
		8D24972119C9EC86005D5602 /* iPad */ = {
			isa = PBXGroup;
			children = (
			);
			name = iPad;
			sourceTree = "<group>";
		};
		8D4A4F3119A2843100255468 /* Images */ = {
			isa = PBXGroup;
			children = (
			);
			name = Images;
			sourceTree = "<group>";
		};
		B16E253C19CB5368006C73C4 /* iPad */ = {
			isa = PBXGroup;
			children = (
			);
			name = iPad;
			sourceTree = "<group>";
		};
/* End PBXGroup section */

/* Begin PBXNativeTarget section */
		0B3A044B1991164A00C7C39E /* JonnyGota */ = {
			isa = PBXNativeTarget;
			buildConfigurationList = 0B3A04851991164B00C7C39E /* Build configuration list for PBXNativeTarget "JonnyGota" */;
			buildPhases = (
				0B3A04481991164A00C7C39E /* Sources */,
				0B3A04491991164A00C7C39E /* Frameworks */,
				0B3A044A1991164A00C7C39E /* Resources */,
			);
			buildRules = (
			);
			dependencies = (
			);
			name = JonnyGota;
			productName = JonnyGota;
			productReference = 0B3A044C1991164A00C7C39E /* JonnyGota.app */;
			productType = "com.apple.product-type.application";
		};
		0B3A04731991164A00C7C39E /* JonnyGotaTests */ = {
			isa = PBXNativeTarget;
			buildConfigurationList = 0B3A04881991164B00C7C39E /* Build configuration list for PBXNativeTarget "JonnyGotaTests" */;
			buildPhases = (
				0B3A04701991164A00C7C39E /* Sources */,
				0B3A04711991164A00C7C39E /* Frameworks */,
				0B3A04721991164A00C7C39E /* Resources */,
			);
			buildRules = (
			);
			dependencies = (
				0B3A047A1991164A00C7C39E /* PBXTargetDependency */,
			);
			name = JonnyGotaTests;
			productName = JonnyGotaTests;
			productReference = 0B3A04741991164A00C7C39E /* JonnyGotaTests.xctest */;
			productType = "com.apple.product-type.bundle.unit-test";
		};
/* End PBXNativeTarget section */

/* Begin PBXProject section */
		0B3A04441991164A00C7C39E /* Project object */ = {
			isa = PBXProject;
			attributes = {
				CLASSPREFIX = JAG;
				LastUpgradeCheck = 0510;
				ORGANIZATIONNAME = "Henrique Manfroi da Silveira";
				TargetAttributes = {
					0B3A044B1991164A00C7C39E = {
						DevelopmentTeam = T5N5TT4E82;
					};
					0B3A04731991164A00C7C39E = {
						TestTargetID = 0B3A044B1991164A00C7C39E;
					};
				};
			};
			buildConfigurationList = 0B3A04471991164A00C7C39E /* Build configuration list for PBXProject "JonnyGota" */;
			compatibilityVersion = "Xcode 3.2";
			developmentRegion = English;
			hasScannedForEncodings = 0;
			knownRegions = (
				en,
				Base,
			);
			mainGroup = 0B3A04431991164A00C7C39E;
			productRefGroup = 0B3A044D1991164A00C7C39E /* Products */;
			projectDirPath = "";
			projectRoot = "";
			targets = (
				0B3A044B1991164A00C7C39E /* JonnyGota */,
				0B3A04731991164A00C7C39E /* JonnyGotaTests */,
			);
		};
/* End PBXProject section */

/* Begin PBXResourcesBuildPhase section */
		0B3A044A1991164A00C7C39E /* Resources */ = {
			isa = PBXResourcesBuildPhase;
			buildActionMask = 2147483647;
			files = (
				8DF47BD419B0B4EE0021AE2D /* spark.png in Resources */,
				8D4A4F4119AFA99300255468 /* Vapor.sks in Resources */,
				8D4A4F4219AFA99300255468 /* spark.png in Resources */,
				B1E9587B19B77718002302D7 /* Raio.sks in Resources */,
				8D4A4F3519A3D0E300255468 /* gotinha.atlas in Resources */,
				0B3A045C1991164A00C7C39E /* InfoPlist.strings in Resources */,
				0B3A046F1991164A00C7C39E /* Images.xcassets in Resources */,
				0B0E04A019A7A29400927A16 /* backgroundChuva.png in Resources */,
				0B9229C819C3213200009EC4 /* map1.tmx in Resources */,
				0B3A04651991164A00C7C39E /* Main.storyboard in Resources */,
				0B9229CE19C3273000009EC4 /* map4.tmx in Resources */,
				0B9229CC19C3273000009EC4 /* map2.tmx in Resources */,
				8DF47BD319B0B4EE0021AE2D /* Fogo.sks in Resources */,
				8DF47BE019B4EB8C0021AE2D /* restart.png in Resources */,
				0B08DD5119C3BB6C00D27C95 /* tileSet.png in Resources */,
				0B9229CD19C3273000009EC4 /* map3.tmx in Resources */,
				8DF47BDF19B4EB8C0021AE2D /* jogar.png in Resources */,
				8DF47BDE19B4EB8C0021AE2D /* list.png in Resources */,
				8D6B5A4719CB496A00127198 /* enemies.atlas in Resources */,
			);
			runOnlyForDeploymentPostprocessing = 0;
		};
		0B3A04721991164A00C7C39E /* Resources */ = {
			isa = PBXResourcesBuildPhase;
			buildActionMask = 2147483647;
			files = (
				0B3A04801991164A00C7C39E /* InfoPlist.strings in Resources */,
			);
			runOnlyForDeploymentPostprocessing = 0;
		};
/* End PBXResourcesBuildPhase section */

/* Begin PBXSourcesBuildPhase section */
		0B3A04481991164A00C7C39E /* Sources */ = {
			isa = PBXSourcesBuildPhase;
			buildActionMask = 2147483647;
			files = (
				0B15087D19A4F891007D70F1 /* JAGPressao.m in Sources */,
				8D4A4F3B19ABA08400255468 /* JAGChave.m in Sources */,
				0B2C5258199A9F2A0065BB09 /* JAGChuva.m in Sources */,
				0B3A045E1991164A00C7C39E /* main.m in Sources */,
				0B9229C319C3206C00009EC4 /* LFCGzipUtility.m in Sources */,
				0B9229C619C3208900009EC4 /* JSTileMap.m in Sources */,
				8D16279B1992942C00AD9F12 /* JAGTAreiaEnemy.m in Sources */,
				8DF47BE319B635F30021AE2D /* JAGTrap.m in Sources */,
				0B024D0B1991255400AE9588 /* JAGGota.m in Sources */,
				B1E9587E19B7783C002302D7 /* JAGSparkRaio.m in Sources */,
				8D1627A71992945E00AD9F12 /* JAGPedraEnemy.m in Sources */,
				0B024D081991252B00AE9588 /* JAGPlayGameScene.m in Sources */,
				0B3A04901991168800C7C39E /* Musica.m in Sources */,
				8D16279E1992943400AD9F12 /* JAGArEnemy.m in Sources */,
				8D162795199293CC00AD9F12 /* JAGTrovaoEnemy.m in Sources */,
				8D4A4F3E19ACFB2F00255468 /* JAGFonte.m in Sources */,
				0B3A049A1991184700C7C39E /* JAGCharacter.m in Sources */,
				B157BDA819A267E400ACA4C1 /* JAGObjeto.m in Sources */,
				0B13EDFB19A2530F006CC185 /* JAGCreatorLevels.m in Sources */,
				8D1627981992941A00AD9F12 /* JAGMetalEnemy.m in Sources */,
				0B3A046B1991164A00C7C39E /* JAGMyScene.m in Sources */,
				0B12A3F219C8974E00210DDA /* JAGPreparePoints.m in Sources */,
				0B024D0F1991257400AE9588 /* JAGInimigos.m in Sources */,
				0B15088019A51374007D70F1 /* JAGPorta.m in Sources */,
				0B3A04681991164A00C7C39E /* JAGViewController.m in Sources */,
				8DF47BD019B0AF1D0021AE2D /* JAGPerdaFogo.m in Sources */,
				0BB7E84919AE403700C36889 /* JAGPerdaGota.m in Sources */,
				8D1627A11992943B00AD9F12 /* JAGFogoEnemy.m in Sources */,
				0B024D12199150D300AE9588 /* JAGHud.m in Sources */,
				0BB81679199BBDA800490104 /* JAGWall.m in Sources */,
				0B2C5255199A99A30065BB09 /* JAGLevel.m in Sources */,
				0B3A04621991164A00C7C39E /* JAGAppDelegate.m in Sources */,
				8D4A4F3819A66CE300255468 /* JAGGotaDividida.m in Sources */,
				B157BDB619AD14A700ACA4C1 /* JAGMenu.m in Sources */,
				0B8600F619AFA40B00615FA6 /* JAGAttack.m in Sources */,
			);
			runOnlyForDeploymentPostprocessing = 0;
		};
		0B3A04701991164A00C7C39E /* Sources */ = {
			isa = PBXSourcesBuildPhase;
			buildActionMask = 2147483647;
			files = (
				0B3A04821991164A00C7C39E /* JonnyGotaTests.m in Sources */,
			);
			runOnlyForDeploymentPostprocessing = 0;
		};
/* End PBXSourcesBuildPhase section */

/* Begin PBXTargetDependency section */
		0B3A047A1991164A00C7C39E /* PBXTargetDependency */ = {
			isa = PBXTargetDependency;
			target = 0B3A044B1991164A00C7C39E /* JonnyGota */;
			targetProxy = 0B3A04791991164A00C7C39E /* PBXContainerItemProxy */;
		};
/* End PBXTargetDependency section */

/* Begin PBXVariantGroup section */
		0B3A045A1991164A00C7C39E /* InfoPlist.strings */ = {
			isa = PBXVariantGroup;
			children = (
				0B3A045B1991164A00C7C39E /* en */,
			);
			name = InfoPlist.strings;
			sourceTree = "<group>";
		};
		0B3A04631991164A00C7C39E /* Main.storyboard */ = {
			isa = PBXVariantGroup;
			children = (
				0B3A04641991164A00C7C39E /* Base */,
			);
			name = Main.storyboard;
			sourceTree = "<group>";
		};
		0B3A047E1991164A00C7C39E /* InfoPlist.strings */ = {
			isa = PBXVariantGroup;
			children = (
				0B3A047F1991164A00C7C39E /* en */,
			);
			name = InfoPlist.strings;
			sourceTree = "<group>";
		};
/* End PBXVariantGroup section */

/* Begin XCBuildConfiguration section */
		0B3A04831991164B00C7C39E /* Debug */ = {
			isa = XCBuildConfiguration;
			buildSettings = {
				ALWAYS_SEARCH_USER_PATHS = NO;
				CLANG_CXX_LANGUAGE_STANDARD = "gnu++0x";
				CLANG_CXX_LIBRARY = "libc++";
				CLANG_ENABLE_MODULES = YES;
				CLANG_ENABLE_OBJC_ARC = YES;
				CLANG_WARN_BOOL_CONVERSION = YES;
				CLANG_WARN_CONSTANT_CONVERSION = YES;
				CLANG_WARN_DIRECT_OBJC_ISA_USAGE = YES_ERROR;
				CLANG_WARN_EMPTY_BODY = YES;
				CLANG_WARN_ENUM_CONVERSION = YES;
				CLANG_WARN_INT_CONVERSION = YES;
				CLANG_WARN_OBJC_ROOT_CLASS = YES_ERROR;
				CLANG_WARN__DUPLICATE_METHOD_MATCH = YES;
				"CODE_SIGN_IDENTITY[sdk=iphoneos*]" = "iPhone Developer";
				COPY_PHASE_STRIP = NO;
				GCC_C_LANGUAGE_STANDARD = gnu99;
				GCC_DYNAMIC_NO_PIC = NO;
				GCC_OPTIMIZATION_LEVEL = 0;
				GCC_PREPROCESSOR_DEFINITIONS = (
					"DEBUG=1",
					"$(inherited)",
				);
				GCC_SYMBOLS_PRIVATE_EXTERN = NO;
				GCC_WARN_64_TO_32_BIT_CONVERSION = YES;
				GCC_WARN_ABOUT_RETURN_TYPE = YES_ERROR;
				GCC_WARN_UNDECLARED_SELECTOR = YES;
				GCC_WARN_UNINITIALIZED_AUTOS = YES_AGGRESSIVE;
				GCC_WARN_UNUSED_FUNCTION = YES;
				GCC_WARN_UNUSED_VARIABLE = YES;
				IPHONEOS_DEPLOYMENT_TARGET = 7.1;
				ONLY_ACTIVE_ARCH = YES;
				SDKROOT = iphoneos;
				SPRITEKIT_TEXTURE_ATLAS_OUTPUT = YES;
			};
			name = Debug;
		};
		0B3A04841991164B00C7C39E /* Release */ = {
			isa = XCBuildConfiguration;
			buildSettings = {
				ALWAYS_SEARCH_USER_PATHS = NO;
				CLANG_CXX_LANGUAGE_STANDARD = "gnu++0x";
				CLANG_CXX_LIBRARY = "libc++";
				CLANG_ENABLE_MODULES = YES;
				CLANG_ENABLE_OBJC_ARC = YES;
				CLANG_WARN_BOOL_CONVERSION = YES;
				CLANG_WARN_CONSTANT_CONVERSION = YES;
				CLANG_WARN_DIRECT_OBJC_ISA_USAGE = YES_ERROR;
				CLANG_WARN_EMPTY_BODY = YES;
				CLANG_WARN_ENUM_CONVERSION = YES;
				CLANG_WARN_INT_CONVERSION = YES;
				CLANG_WARN_OBJC_ROOT_CLASS = YES_ERROR;
				CLANG_WARN__DUPLICATE_METHOD_MATCH = YES;
				"CODE_SIGN_IDENTITY[sdk=iphoneos*]" = "iPhone Developer";
				COPY_PHASE_STRIP = YES;
				ENABLE_NS_ASSERTIONS = NO;
				GCC_C_LANGUAGE_STANDARD = gnu99;
				GCC_WARN_64_TO_32_BIT_CONVERSION = YES;
				GCC_WARN_ABOUT_RETURN_TYPE = YES_ERROR;
				GCC_WARN_UNDECLARED_SELECTOR = YES;
				GCC_WARN_UNINITIALIZED_AUTOS = YES_AGGRESSIVE;
				GCC_WARN_UNUSED_FUNCTION = YES;
				GCC_WARN_UNUSED_VARIABLE = YES;
				IPHONEOS_DEPLOYMENT_TARGET = 7.1;
				SDKROOT = iphoneos;
				SPRITEKIT_TEXTURE_ATLAS_OUTPUT = YES;
				VALIDATE_PRODUCT = YES;
			};
			name = Release;
		};
		0B3A04861991164B00C7C39E /* Debug */ = {
			isa = XCBuildConfiguration;
			buildSettings = {
				ASSETCATALOG_COMPILER_APPICON_NAME = AppIcon;
				ASSETCATALOG_COMPILER_LAUNCHIMAGE_NAME = LaunchImage;
				CODE_SIGN_IDENTITY = "iPhone Developer";
				"CODE_SIGN_IDENTITY[sdk=iphoneos*]" = "iPhone Developer";
				GCC_PRECOMPILE_PREFIX_HEADER = YES;
				GCC_PREFIX_HEADER = "JonnyGota/JonnyGota-Prefix.pch";
				INFOPLIST_FILE = "JonnyGota/JonnyGota-Info.plist";
				IPHONEOS_DEPLOYMENT_TARGET = 7.1;
				PRODUCT_NAME = "$(TARGET_NAME)";
				PROVISIONING_PROFILE = "";
				SPRITEKIT_TEXTURE_ATLAS_OUTPUT = YES;
				TARGETED_DEVICE_FAMILY = "1,2";
				WRAPPER_EXTENSION = app;
			};
			name = Debug;
		};
		0B3A04871991164B00C7C39E /* Release */ = {
			isa = XCBuildConfiguration;
			buildSettings = {
				ASSETCATALOG_COMPILER_APPICON_NAME = AppIcon;
				ASSETCATALOG_COMPILER_LAUNCHIMAGE_NAME = LaunchImage;
				CODE_SIGN_IDENTITY = "iPhone Developer";
				"CODE_SIGN_IDENTITY[sdk=iphoneos*]" = "iPhone Developer";
				GCC_PRECOMPILE_PREFIX_HEADER = YES;
				GCC_PREFIX_HEADER = "JonnyGota/JonnyGota-Prefix.pch";
				INFOPLIST_FILE = "JonnyGota/JonnyGota-Info.plist";
				IPHONEOS_DEPLOYMENT_TARGET = 7.1;
				PRODUCT_NAME = "$(TARGET_NAME)";
				PROVISIONING_PROFILE = "";
				SPRITEKIT_TEXTURE_ATLAS_OUTPUT = YES;
				TARGETED_DEVICE_FAMILY = "1,2";
				WRAPPER_EXTENSION = app;
			};
			name = Release;
		};
		0B3A04891991164B00C7C39E /* Debug */ = {
			isa = XCBuildConfiguration;
			buildSettings = {
				BUNDLE_LOADER = "$(BUILT_PRODUCTS_DIR)/JonnyGota.app/JonnyGota";
				FRAMEWORK_SEARCH_PATHS = (
					"$(SDKROOT)/Developer/Library/Frameworks",
					"$(inherited)",
					"$(DEVELOPER_FRAMEWORKS_DIR)",
				);
				GCC_PRECOMPILE_PREFIX_HEADER = YES;
				GCC_PREFIX_HEADER = "JonnyGota/JonnyGota-Prefix.pch";
				GCC_PREPROCESSOR_DEFINITIONS = (
					"DEBUG=1",
					"$(inherited)",
				);
				INFOPLIST_FILE = "JonnyGotaTests/JonnyGotaTests-Info.plist";
				PRODUCT_NAME = "$(TARGET_NAME)";
				TEST_HOST = "$(BUNDLE_LOADER)";
				WRAPPER_EXTENSION = xctest;
			};
			name = Debug;
		};
		0B3A048A1991164B00C7C39E /* Release */ = {
			isa = XCBuildConfiguration;
			buildSettings = {
				BUNDLE_LOADER = "$(BUILT_PRODUCTS_DIR)/JonnyGota.app/JonnyGota";
				FRAMEWORK_SEARCH_PATHS = (
					"$(SDKROOT)/Developer/Library/Frameworks",
					"$(inherited)",
					"$(DEVELOPER_FRAMEWORKS_DIR)",
				);
				GCC_PRECOMPILE_PREFIX_HEADER = YES;
				GCC_PREFIX_HEADER = "JonnyGota/JonnyGota-Prefix.pch";
				INFOPLIST_FILE = "JonnyGotaTests/JonnyGotaTests-Info.plist";
				PRODUCT_NAME = "$(TARGET_NAME)";
				TEST_HOST = "$(BUNDLE_LOADER)";
				WRAPPER_EXTENSION = xctest;
			};
			name = Release;
		};
/* End XCBuildConfiguration section */

/* Begin XCConfigurationList section */
		0B3A04471991164A00C7C39E /* Build configuration list for PBXProject "JonnyGota" */ = {
			isa = XCConfigurationList;
			buildConfigurations = (
				0B3A04831991164B00C7C39E /* Debug */,
				0B3A04841991164B00C7C39E /* Release */,
			);
			defaultConfigurationIsVisible = 0;
			defaultConfigurationName = Release;
		};
		0B3A04851991164B00C7C39E /* Build configuration list for PBXNativeTarget "JonnyGota" */ = {
			isa = XCConfigurationList;
			buildConfigurations = (
				0B3A04861991164B00C7C39E /* Debug */,
				0B3A04871991164B00C7C39E /* Release */,
			);
			defaultConfigurationIsVisible = 0;
			defaultConfigurationName = Release;
		};
		0B3A04881991164B00C7C39E /* Build configuration list for PBXNativeTarget "JonnyGotaTests" */ = {
			isa = XCConfigurationList;
			buildConfigurations = (
				0B3A04891991164B00C7C39E /* Debug */,
				0B3A048A1991164B00C7C39E /* Release */,
			);
			defaultConfigurationIsVisible = 0;
			defaultConfigurationName = Release;
		};
/* End XCConfigurationList section */
	};
	rootObject = 0B3A04441991164A00C7C39E /* Project object */;
}
